Microsoft Visual Studio Solution File, Format Version 11.00
# Visual Studio 2008

Project("{4F8C04C3-ABB0-8421-6300-CA4977CC9067}") = "Astar (2)", "Assembly-CSharp.csproj", "{4585AB2D-7876-9AD0-E01D-D0458560519A}"
EndProject
Project("{4F8C04C3-ABB0-8421-6300-CA4977CC9067}") = "Astar (2)", "Assembly-CSharp-Editor.csproj", "{21490A08-94D8-89A9-02CF-B1773600C8B1}"
EndProject
Global
	GlobalSection(SolutionConfigurationPlatforms) = preSolution
		Debug|Any CPU = Debug|Any CPU
		Release|Any CPU = Release|Any CPU
	EndGlobalSection
	GlobalSection(ProjectConfigurationPlatforms) = postSolution
		{4585AB2D-7876-9AD0-E01D-D0458560519A}.Debug|Any CPU.ActiveCfg = Debug|Any CPU
		{4585AB2D-7876-9AD0-E01D-D0458560519A}.Debug|Any CPU.Build.0 = Debug|Any CPU
		{4585AB2D-7876-9AD0-E01D-D0458560519A}.Release|Any CPU.ActiveCfg = Release|Any CPU
		{4585AB2D-7876-9AD0-E01D-D0458560519A}.Release|Any CPU.Build.0 = Release|Any CPU
		{21490A08-94D8-89A9-02CF-B1773600C8B1}.Debug|Any CPU.ActiveCfg = Debug|Any CPU
		{21490A08-94D8-89A9-02CF-B1773600C8B1}.Debug|Any CPU.Build.0 = Debug|Any CPU
		{21490A08-94D8-89A9-02CF-B1773600C8B1}.Release|Any CPU.ActiveCfg = Release|Any CPU
		{21490A08-94D8-89A9-02CF-B1773600C8B1}.Release|Any CPU.Build.0 = Release|Any CPU
	EndGlobalSection
	GlobalSection(SolutionProperties) = preSolution
		HideSolutionNode = FALSE
	EndGlobalSection
	GlobalSection(MonoDevelopProperties) = preSolution
		StartupItem = Assembly-CSharp.csproj
	EndGlobalSection
EndGlobal
